
Microsoft Visual Studio Solution File, Format Version 12.00
# Visual Studio 15
VisualStudioVersion = 15.0.26124.0
MinimumVisualStudioVersion = 15.0.26124.0
Project("{FAE04EC0-301F-11D3-BF4B-00C04F79EFBC}") = "Nopie.TDD.StringCalculator", "Nopie.TDD.StringCalculator\Nopie.TDD.StringCalculator.csproj", "{22159E91-CAF1-4B04-9D5C-73B8D798902C}"
EndProject
Project("{FAE04EC0-301F-11D3-BF4B-00C04F79EFBC}") = "Nopie.TDD.StringCalculatorTests", "Nopie.TDD.StringCalculatorTests\Nopie.TDD.StringCalculatorTests.csproj", "{C762A171-7926-4B08-A56F-0067B2487E51}"
EndProject
Global
	GlobalSection(SolutionConfigurationPlatforms) = preSolution
		Debug|Any CPU = Debug|Any CPU
		Debug|x64 = Debug|x64
		Debug|x86 = Debug|x86
		Release|Any CPU = Release|Any CPU
		Release|x64 = Release|x64
		Release|x86 = Release|x86
	EndGlobalSection
	GlobalSection(SolutionProperties) = preSolution
		HideSolutionNode = FALSE
	EndGlobalSection
	GlobalSection(ProjectConfigurationPlatforms) = postSolution
		{22159E91-CAF1-4B04-9D5C-73B8D798902C}.Debug|Any CPU.ActiveCfg = Debug|Any CPU
		{22159E91-CAF1-4B04-9D5C-73B8D798902C}.Debug|Any CPU.Build.0 = Debug|Any CPU
		{22159E91-CAF1-4B04-9D5C-73B8D798902C}.Debug|x64.ActiveCfg = Debug|Any CPU
		{22159E91-CAF1-4B04-9D5C-73B8D798902C}.Debug|x64.Build.0 = Debug|Any CPU
		{22159E91-CAF1-4B04-9D5C-73B8D798902C}.Debug|x86.ActiveCfg = Debug|Any CPU
		{22159E91-CAF1-4B04-9D5C-73B8D798902C}.Debug|x86.Build.0 = Debug|Any CPU
		{22159E91-CAF1-4B04-9D5C-73B8D798902C}.Release|Any CPU.ActiveCfg = Release|Any CPU
		{22159E91-CAF1-4B04-9D5C-73B8D798902C}.Release|Any CPU.Build.0 = Release|Any CPU
		{22159E91-CAF1-4B04-9D5C-73B8D798902C}.Release|x64.ActiveCfg = Release|Any CPU
		{22159E91-CAF1-4B04-9D5C-73B8D798902C}.Release|x64.Build.0 = Release|Any CPU
		{22159E91-CAF1-4B04-9D5C-73B8D798902C}.Release|x86.ActiveCfg = Release|Any CPU
		{22159E91-CAF1-4B04-9D5C-73B8D798902C}.Release|x86.Build.0 = Release|Any CPU
		{C762A171-7926-4B08-A56F-0067B2487E51}.Debug|Any CPU.ActiveCfg = Debug|Any CPU
		{C762A171-7926-4B08-A56F-0067B2487E51}.Debug|Any CPU.Build.0 = Debug|Any CPU
		{C762A171-7926-4B08-A56F-0067B2487E51}.Debug|x64.ActiveCfg = Debug|Any CPU
		{C762A171-7926-4B08-A56F-0067B2487E51}.Debug|x64.Build.0 = Debug|Any CPU
		{C762A171-7926-4B08-A56F-0067B2487E51}.Debug|x86.ActiveCfg = Debug|Any CPU
		{C762A171-7926-4B08-A56F-0067B2487E51}.Debug|x86.Build.0 = Debug|Any CPU
		{C762A171-7926-4B08-A56F-0067B2487E51}.Release|Any CPU.ActiveCfg = Release|Any CPU
		{C762A171-7926-4B08-A56F-0067B2487E51}.Release|Any CPU.Build.0 = Release|Any CPU
		{C762A171-7926-4B08-A56F-0067B2487E51}.Release|x64.ActiveCfg = Release|Any CPU
		{C762A171-7926-4B08-A56F-0067B2487E51}.Release|x64.Build.0 = Release|Any CPU
		{C762A171-7926-4B08-A56F-0067B2487E51}.Release|x86.ActiveCfg = Release|Any CPU
		{C762A171-7926-4B08-A56F-0067B2487E51}.Release|x86.Build.0 = Release|Any CPU
	EndGlobalSection
EndGlobal
